
Microsoft Visual Studio Solution File, Format Version 12.00
# Visual Studio Version 17
VisualStudioVersion = 17.6.33815.320
MinimumVisualStudioVersion = 10.0.40219.1
Project("{9A19103F-16F7-4668-BE54-9A1E7A4F7556}") = "AuthServer.API", "AuthServer.API\AuthServer.API.csproj", "{7AA3A60E-87BE-4AAC-BDD9-50D41A22A38C}"
EndProject
Project("{9A19103F-16F7-4668-BE54-9A1E7A4F7556}") = "SharedLibrary", "SharedLibrary\SharedLibrary.csproj", "{1A012779-1475-4FC4-A940-CFF4145A266D}"
EndProject
Project("{9A19103F-16F7-4668-BE54-9A1E7A4F7556}") = "OrderServer.API", "OrderService\OrderServer.API.csproj", "{30EF686C-2710-42A0-B06E-EB5BD9A6728A}"
EndProject
Project("{9A19103F-16F7-4668-BE54-9A1E7A4F7556}") = "DeliveryServer.API", "DeliveryService.API\DeliveryServer.API.csproj", "{7424D16B-CD9B-41C5-BC20-2E6F46E30B68}"
EndProject
Global
	GlobalSection(SolutionConfigurationPlatforms) = preSolution
		Debug|Any CPU = Debug|Any CPU
		Release|Any CPU = Release|Any CPU
	EndGlobalSection
	GlobalSection(ProjectConfigurationPlatforms) = postSolution
		{7AA3A60E-87BE-4AAC-BDD9-50D41A22A38C}.Debug|Any CPU.ActiveCfg = Debug|Any CPU
		{7AA3A60E-87BE-4AAC-BDD9-50D41A22A38C}.Debug|Any CPU.Build.0 = Debug|Any CPU
		{7AA3A60E-87BE-4AAC-BDD9-50D41A22A38C}.Release|Any CPU.ActiveCfg = Release|Any CPU
		{7AA3A60E-87BE-4AAC-BDD9-50D41A22A38C}.Release|Any CPU.Build.0 = Release|Any CPU
		{1A012779-1475-4FC4-A940-CFF4145A266D}.Debug|Any CPU.ActiveCfg = Debug|Any CPU
		{1A012779-1475-4FC4-A940-CFF4145A266D}.Debug|Any CPU.Build.0 = Debug|Any CPU
		{1A012779-1475-4FC4-A940-CFF4145A266D}.Release|Any CPU.ActiveCfg = Release|Any CPU
		{1A012779-1475-4FC4-A940-CFF4145A266D}.Release|Any CPU.Build.0 = Release|Any CPU
		{30EF686C-2710-42A0-B06E-EB5BD9A6728A}.Debug|Any CPU.ActiveCfg = Debug|Any CPU
		{30EF686C-2710-42A0-B06E-EB5BD9A6728A}.Debug|Any CPU.Build.0 = Debug|Any CPU
		{30EF686C-2710-42A0-B06E-EB5BD9A6728A}.Release|Any CPU.ActiveCfg = Release|Any CPU
		{30EF686C-2710-42A0-B06E-EB5BD9A6728A}.Release|Any CPU.Build.0 = Release|Any CPU
		{7424D16B-CD9B-41C5-BC20-2E6F46E30B68}.Debug|Any CPU.ActiveCfg = Debug|Any CPU
		{7424D16B-CD9B-41C5-BC20-2E6F46E30B68}.Debug|Any CPU.Build.0 = Debug|Any CPU
		{7424D16B-CD9B-41C5-BC20-2E6F46E30B68}.Release|Any CPU.ActiveCfg = Release|Any CPU
		{7424D16B-CD9B-41C5-BC20-2E6F46E30B68}.Release|Any CPU.Build.0 = Release|Any CPU
	EndGlobalSection
	GlobalSection(SolutionProperties) = preSolution
		HideSolutionNode = FALSE
	EndGlobalSection
	GlobalSection(ExtensibilityGlobals) = postSolution
		SolutionGuid = {EA7FE723-03D5-4D09-912A-1C7F1E00EF7C}
	EndGlobalSection
EndGlobal
