
Microsoft Visual Studio Solution File, Format Version 12.00
# Visual Studio Version 17
VisualStudioVersion = 17.6.33815.320
MinimumVisualStudioVersion = 10.0.40219.1
Project("{9A19103F-16F7-4668-BE54-9A1E7A4F7556}") = "AuthServer.API", "AuthServer.API\AuthServer.API.csproj", "{7AA3A60E-87BE-4AAC-BDD9-50D41A22A38C}"
EndProject
Project("{9A19103F-16F7-4668-BE54-9A1E7A4F7556}") = "SharedLibrary", "SharedLibrary\SharedLibrary.csproj", "{1A012779-1475-4FC4-A940-CFF4145A266D}"
EndProject
Project("{E53339B2-1760-4266-BCC7-CA923CBCF16C}") = "docker-compose", "docker-compose.dcproj", "{B805183E-D392-4D3E-86A7-A4EB203B6D1B}"
EndProject
Project("{9A19103F-16F7-4668-BE54-9A1E7A4F7556}") = "OrderService.API", "..\OrderService.API\OrderService.API.csproj", "{97E6856A-17DC-4F53-BC9C-16AC0B3620F7}"
EndProject
Project("{FAE04EC0-301F-11D3-BF4B-00C04F79EFBC}") = "OrderService", "OrderService\OrderService.csproj", "{30EF686C-2710-42A0-B06E-EB5BD9A6728A}"
EndProject
Global
	GlobalSection(SolutionConfigurationPlatforms) = preSolution
		Debug|Any CPU = Debug|Any CPU
		Release|Any CPU = Release|Any CPU
	EndGlobalSection
	GlobalSection(ProjectConfigurationPlatforms) = postSolution
		{7AA3A60E-87BE-4AAC-BDD9-50D41A22A38C}.Debug|Any CPU.ActiveCfg = Debug|Any CPU
		{7AA3A60E-87BE-4AAC-BDD9-50D41A22A38C}.Debug|Any CPU.Build.0 = Debug|Any CPU
		{7AA3A60E-87BE-4AAC-BDD9-50D41A22A38C}.Release|Any CPU.ActiveCfg = Release|Any CPU
		{7AA3A60E-87BE-4AAC-BDD9-50D41A22A38C}.Release|Any CPU.Build.0 = Release|Any CPU
		{1A012779-1475-4FC4-A940-CFF4145A266D}.Debug|Any CPU.ActiveCfg = Debug|Any CPU
		{1A012779-1475-4FC4-A940-CFF4145A266D}.Debug|Any CPU.Build.0 = Debug|Any CPU
		{1A012779-1475-4FC4-A940-CFF4145A266D}.Release|Any CPU.ActiveCfg = Release|Any CPU
		{1A012779-1475-4FC4-A940-CFF4145A266D}.Release|Any CPU.Build.0 = Release|Any CPU
		{B805183E-D392-4D3E-86A7-A4EB203B6D1B}.Debug|Any CPU.ActiveCfg = Debug|Any CPU
		{B805183E-D392-4D3E-86A7-A4EB203B6D1B}.Debug|Any CPU.Build.0 = Debug|Any CPU
		{B805183E-D392-4D3E-86A7-A4EB203B6D1B}.Release|Any CPU.ActiveCfg = Release|Any CPU
		{B805183E-D392-4D3E-86A7-A4EB203B6D1B}.Release|Any CPU.Build.0 = Release|Any CPU
		{97E6856A-17DC-4F53-BC9C-16AC0B3620F7}.Debug|Any CPU.ActiveCfg = Debug|Any CPU
		{97E6856A-17DC-4F53-BC9C-16AC0B3620F7}.Debug|Any CPU.Build.0 = Debug|Any CPU
		{97E6856A-17DC-4F53-BC9C-16AC0B3620F7}.Release|Any CPU.ActiveCfg = Release|Any CPU
		{97E6856A-17DC-4F53-BC9C-16AC0B3620F7}.Release|Any CPU.Build.0 = Release|Any CPU
		{30EF686C-2710-42A0-B06E-EB5BD9A6728A}.Debug|Any CPU.ActiveCfg = Debug|Any CPU
		{30EF686C-2710-42A0-B06E-EB5BD9A6728A}.Debug|Any CPU.Build.0 = Debug|Any CPU
		{30EF686C-2710-42A0-B06E-EB5BD9A6728A}.Release|Any CPU.ActiveCfg = Release|Any CPU
		{30EF686C-2710-42A0-B06E-EB5BD9A6728A}.Release|Any CPU.Build.0 = Release|Any CPU
	EndGlobalSection
	GlobalSection(SolutionProperties) = preSolution
		HideSolutionNode = FALSE
	EndGlobalSection
	GlobalSection(ExtensibilityGlobals) = postSolution
		SolutionGuid = {EA7FE723-03D5-4D09-912A-1C7F1E00EF7C}
	EndGlobalSection
EndGlobal
